
Microsoft Visual Studio Solution File, Format Version 12.00
# Visual Studio Version 17
VisualStudioVersion = 17.5.33424.131
MinimumVisualStudioVersion = 10.0.40219.1
Project("{FAE04EC0-301F-11D3-BF4B-00C04F79EFBC}") = "mvc-proje-0", "mvc-proje-0.csproj", "{A80CB609-5F4A-48A2-873B-FE098173F4AD}"
EndProject
Project("{FAE04EC0-301F-11D3-BF4B-00C04F79EFBC}") = "KozmikOda", "..\KozmikOda\KozmikOda.csproj", "{C706A074-96C7-4468-898C-1DC4CF13A4F6}"
EndProject
Project("{FAE04EC0-301F-11D3-BF4B-00C04F79EFBC}") = "IcIsleri", "..\IcIsleri\IcIsleri.csproj", "{FEF8BD2C-E2A0-47A6-B2BC-9044A7E5C12F}"
EndProject
Project("{FAE04EC0-301F-11D3-BF4B-00C04F79EFBC}") = "SinirKapisi", "..\SinirKapisi\SinirKapisi.csproj", "{D9D03D61-1FF0-4B46-BB6A-61532F118DC6}"
EndProject
Global
	GlobalSection(SolutionConfigurationPlatforms) = preSolution
		Debug|Any CPU = Debug|Any CPU
		Release|Any CPU = Release|Any CPU
	EndGlobalSection
	GlobalSection(ProjectConfigurationPlatforms) = postSolution
		{A80CB609-5F4A-48A2-873B-FE098173F4AD}.Debug|Any CPU.ActiveCfg = Debug|Any CPU
		{A80CB609-5F4A-48A2-873B-FE098173F4AD}.Debug|Any CPU.Build.0 = Debug|Any CPU
		{A80CB609-5F4A-48A2-873B-FE098173F4AD}.Release|Any CPU.ActiveCfg = Release|Any CPU
		{A80CB609-5F4A-48A2-873B-FE098173F4AD}.Release|Any CPU.Build.0 = Release|Any CPU
		{C706A074-96C7-4468-898C-1DC4CF13A4F6}.Debug|Any CPU.ActiveCfg = Debug|Any CPU
		{C706A074-96C7-4468-898C-1DC4CF13A4F6}.Debug|Any CPU.Build.0 = Debug|Any CPU
		{C706A074-96C7-4468-898C-1DC4CF13A4F6}.Release|Any CPU.ActiveCfg = Release|Any CPU
		{C706A074-96C7-4468-898C-1DC4CF13A4F6}.Release|Any CPU.Build.0 = Release|Any CPU
		{FEF8BD2C-E2A0-47A6-B2BC-9044A7E5C12F}.Debug|Any CPU.ActiveCfg = Debug|Any CPU
		{FEF8BD2C-E2A0-47A6-B2BC-9044A7E5C12F}.Debug|Any CPU.Build.0 = Debug|Any CPU
		{FEF8BD2C-E2A0-47A6-B2BC-9044A7E5C12F}.Release|Any CPU.ActiveCfg = Release|Any CPU
		{FEF8BD2C-E2A0-47A6-B2BC-9044A7E5C12F}.Release|Any CPU.Build.0 = Release|Any CPU
		{D9D03D61-1FF0-4B46-BB6A-61532F118DC6}.Debug|Any CPU.ActiveCfg = Debug|Any CPU
		{D9D03D61-1FF0-4B46-BB6A-61532F118DC6}.Debug|Any CPU.Build.0 = Debug|Any CPU
		{D9D03D61-1FF0-4B46-BB6A-61532F118DC6}.Release|Any CPU.ActiveCfg = Release|Any CPU
		{D9D03D61-1FF0-4B46-BB6A-61532F118DC6}.Release|Any CPU.Build.0 = Release|Any CPU
	EndGlobalSection
	GlobalSection(SolutionProperties) = preSolution
		HideSolutionNode = FALSE
	EndGlobalSection
	GlobalSection(ExtensibilityGlobals) = postSolution
		SolutionGuid = {8EF2E2D3-1CDC-4D5C-9EC2-E519F7B7D201}
	EndGlobalSection
EndGlobal
